
Microsoft Visual Studio Solution File, Format Version 12.00
# Visual Studio Version 17
VisualStudioVersion = 17.6.33815.320
MinimumVisualStudioVersion = 10.0.40219.1
Project("{FAE04EC0-301F-11D3-BF4B-00C04F79EFBC}") = "SignalRApp1", "SignalRApp1\SignalRApp1.csproj", "{1E16B93B-5650-414E-94DD-C9CF711DE0A1}"
EndProject
Global
	GlobalSection(SolutionConfigurationPlatforms) = preSolution
		Debug|Any CPU = Debug|Any CPU
		Release|Any CPU = Release|Any CPU
	EndGlobalSection
	GlobalSection(ProjectConfigurationPlatforms) = postSolution
		{1E16B93B-5650-414E-94DD-C9CF711DE0A1}.Debug|Any CPU.ActiveCfg = Debug|Any CPU
		{1E16B93B-5650-414E-94DD-C9CF711DE0A1}.Debug|Any CPU.Build.0 = Debug|Any CPU
		{1E16B93B-5650-414E-94DD-C9CF711DE0A1}.Release|Any CPU.ActiveCfg = Release|Any CPU
		{1E16B93B-5650-414E-94DD-C9CF711DE0A1}.Release|Any CPU.Build.0 = Release|Any CPU
	EndGlobalSection
	GlobalSection(SolutionProperties) = preSolution
		HideSolutionNode = FALSE
	EndGlobalSection
	GlobalSection(ExtensibilityGlobals) = postSolution
		SolutionGuid = {8B3FF57F-CC40-41C6-9A0F-FFC44C7BFB91}
	EndGlobalSection
EndGlobal
